
Microsoft Visual Studio Solution File, Format Version 12.00
# Visual Studio Version 16
VisualStudioVersion = 16.0.31624.102
MinimumVisualStudioVersion = 10.0.40219.1
Project("{FAE04EC0-301F-11D3-BF4B-00C04F79EFBC}") = "Simpsons", "Simpsons\Simpsons.csproj", "{6F583092-516A-465D-8B09-BD9374BD9AF7}"
EndProject
Global
	GlobalSection(SolutionConfigurationPlatforms) = preSolution
		Debug|Any CPU = Debug|Any CPU
		Release|Any CPU = Release|Any CPU
	EndGlobalSection
	GlobalSection(ProjectConfigurationPlatforms) = postSolution
		{6F583092-516A-465D-8B09-BD9374BD9AF7}.Debug|Any CPU.ActiveCfg = Debug|Any CPU
		{6F583092-516A-465D-8B09-BD9374BD9AF7}.Debug|Any CPU.Build.0 = Debug|Any CPU
		{6F583092-516A-465D-8B09-BD9374BD9AF7}.Release|Any CPU.ActiveCfg = Release|Any CPU
		{6F583092-516A-465D-8B09-BD9374BD9AF7}.Release|Any CPU.Build.0 = Release|Any CPU
	EndGlobalSection
	GlobalSection(SolutionProperties) = preSolution
		HideSolutionNode = FALSE
	EndGlobalSection
	GlobalSection(ExtensibilityGlobals) = postSolution
		SolutionGuid = {9F32B07D-6FED-4190-A43C-7C7C4B326007}
	EndGlobalSection
EndGlobal
